{
  "name": "pwet-slides",
  "version": "0.1.0",
  "lockfileVersion": 1,
  "requires": true,
  "dependencies": {
    "@webcomponents/webcomponentsjs": {
      "version": "1.0.14",
      "resolved": "https://registry.npmjs.org/@webcomponents/webcomponentsjs/-/webcomponentsjs-1.0.14.tgz",
      "integrity": "sha512-YtxQ9S318BmLLkc8I4hmugg+P1HXgLrPoTCwNJkEH4nt+qxEkp7lv7xi/ljEnSxprxAYQrQt4kHJajs8G7069A=="
    },
    "babel-plugin-syntax-export-extensions": {
      "version": "6.13.0",
      "resolved": "https://registry.npmjs.org/babel-plugin-syntax-export-extensions/-/babel-plugin-syntax-export-extensions-6.13.0.tgz",
      "integrity": "sha1-cKFITw+QiaToStRLrDU8lbmxJyE="
    },
    "babel-plugin-syntax-object-rest-spread": {
      "version": "6.13.0",
      "resolved": "https://registry.npmjs.org/babel-plugin-syntax-object-rest-spread/-/babel-plugin-syntax-object-rest-spread-6.13.0.tgz",
      "integrity": "sha1-/WU28rzhODb/o6VFjEkDpZe7O/U="
    },
    "babel-plugin-transform-export-extensions": {
      "version": "6.22.0",
      "resolved": "https://registry.npmjs.org/babel-plugin-transform-export-extensions/-/babel-plugin-transform-export-extensions-6.22.0.tgz",
      "integrity": "sha1-U3OLR+deghhYnuqUbLvTkQm75lM=",
      "requires": {
        "babel-plugin-syntax-export-extensions": "6.13.0",
        "babel-runtime": "6.26.0"
      }
    },
    "babel-plugin-transform-object-rest-spread": {
      "version": "6.26.0",
      "resolved": "https://registry.npmjs.org/babel-plugin-transform-object-rest-spread/-/babel-plugin-transform-object-rest-spread-6.26.0.tgz",
      "integrity": "sha1-DzZpLVD+9rfi1LOsFHgTepY7ewY=",
      "requires": {
        "babel-plugin-syntax-object-rest-spread": "6.13.0",
        "babel-runtime": "6.26.0"
      }
    },
    "babel-runtime": {
      "version": "6.26.0",
      "resolved": "https://registry.npmjs.org/babel-runtime/-/babel-runtime-6.26.0.tgz",
      "integrity": "sha1-llxwWGaOgrVde/4E/yM3vItWR/4=",
      "requires": {
        "core-js": "2.5.1",
        "regenerator-runtime": "0.11.0"
      }
    },
    "core-js": {
      "version": "2.5.1",
      "resolved": "https://registry.npmjs.org/core-js/-/core-js-2.5.1.tgz",
      "integrity": "sha1-rmh03GaTd4m4B1T/VCjfZoGcpQs="
    },
    "easy-css-transform-builder": {
      "version": "0.0.2",
      "resolved": "https://registry.npmjs.org/easy-css-transform-builder/-/easy-css-transform-builder-0.0.2.tgz",
      "integrity": "sha1-pUFmenkZ4X9n2CsR08tV/dVDMCI=",
      "requires": {
        "invariant": "2.2.2"
      }
    },
    "idom-util": {
      "version": "1.0.4",
      "resolved": "https://registry.npmjs.org/idom-util/-/idom-util-1.0.4.tgz",
      "integrity": "sha512-38zXiwOMYUiYYH1UKTuY6Nuj67JYyh4HFCr77itjaCvXsVI5ncC8sG+4fMfvLJULYD8iQxuWTGeINn/0iKIr8A==",
      "requires": {
        "babel-plugin-transform-export-extensions": "6.22.0"
      }
    },
    "incremental-dom": {
      "version": "0.5.1",
      "resolved": "https://registry.npmjs.org/incremental-dom/-/incremental-dom-0.5.1.tgz",
      "integrity": "sha1-UvRTnD6e7nzREqbaBS+3Fi/vsMM="
    },
    "invariant": {
      "version": "2.2.2",
      "resolved": "https://registry.npmjs.org/invariant/-/invariant-2.2.2.tgz",
      "integrity": "sha1-nh9WrArNtr8wMwbzOL47IErmA2A=",
      "requires": {
        "loose-envify": "1.3.1"
      }
    },
    "js-tokens": {
      "version": "3.0.2",
      "resolved": "https://registry.npmjs.org/js-tokens/-/js-tokens-3.0.2.tgz",
      "integrity": "sha1-mGbfOVECEw449/mWvOtlRDIJwls="
    },
    "kwak": {
      "version": "2.0.4",
      "resolved": "https://registry.npmjs.org/kwak/-/kwak-2.0.4.tgz",
      "integrity": "sha512-E5ee40Ob1TNx3c9TH4r5eo8UCIwQlygDGhF+l1Y09a5oNhtM86WaDnficbYZJ+DVGqiQZ/lsVHkTM8+sac/WkQ==",
      "requires": {
        "lodash.isequal": "4.5.0",
        "lodash.isplainobject": "4.0.6"
      }
    },
    "lodash.debounce": {
      "version": "4.0.8",
      "resolved": "https://registry.npmjs.org/lodash.debounce/-/lodash.debounce-4.0.8.tgz",
      "integrity": "sha1-gteb/zCmfEAF/9XiUVMArZyk168="
    },
    "lodash.isequal": {
      "version": "4.5.0",
      "resolved": "https://registry.npmjs.org/lodash.isequal/-/lodash.isequal-4.5.0.tgz",
      "integrity": "sha1-QVxEePK8wwEgwizhDtMib30+GOA="
    },
    "lodash.isplainobject": {
      "version": "4.0.6",
      "resolved": "https://registry.npmjs.org/lodash.isplainobject/-/lodash.isplainobject-4.0.6.tgz",
      "integrity": "sha1-fFJqUtibRcRcxpC4gWO+BJf1UMs="
    },
    "loose-envify": {
      "version": "1.3.1",
      "resolved": "https://registry.npmjs.org/loose-envify/-/loose-envify-1.3.1.tgz",
      "integrity": "sha1-0aitM/qc4OcT1l/dCsi3SNR4yEg=",
      "requires": {
        "js-tokens": "3.0.2"
      }
    },
    "pwet-idom": {
      "version": "0.1.5",
      "resolved": "https://registry.npmjs.org/pwet-idom/-/pwet-idom-0.1.5.tgz",
      "integrity": "sha512-FUy6jziZwXqzCniPFm4p0HBHzvIHtr1mDszpYcTpk0BP6+JqJl0tb/Ri21o/BCvYzx5tVmSSqny4sLw5PbGGNg==",
      "requires": {
        "idom-util": "1.0.4",
        "lodash.debounce": "4.0.8"
      }
    },
    "regenerator-runtime": {
      "version": "0.11.0",
      "resolved": "https://registry.npmjs.org/regenerator-runtime/-/regenerator-runtime-0.11.0.tgz",
      "integrity": "sha512-/aA0kLeRb5N9K0d4fw7ooEbI+xDe+DKD499EQqygGqeS8N3xto15p09uY2xj7ixP81sNPXvRLnAQIqdVStgb1A=="
    }
  }
}
